
Microsoft Visual Studio Solution File, Format Version 12.00
# Visual Studio Version 17
VisualStudioVersion = 17.4.33213.308
MinimumVisualStudioVersion = 10.0.40219.1
Project("{9A19103F-16F7-4668-BE54-9A1E7A4F7556}") = "nbp_api", "nbp_api\nbp_api.csproj", "{1A775904-99E0-447C-9F61-CBB8AF59834F}"
EndProject
Project("{FAE04EC0-301F-11D3-BF4B-00C04F79EFBC}") = "Tests", "Tests\Tests.csproj", "{AE5659E6-9BA6-4A2F-B63A-CC4351912DC1}"
EndProject
Global
	GlobalSection(SolutionConfigurationPlatforms) = preSolution
		Debug|Any CPU = Debug|Any CPU
		Release|Any CPU = Release|Any CPU
	EndGlobalSection
	GlobalSection(ProjectConfigurationPlatforms) = postSolution
		{1A775904-99E0-447C-9F61-CBB8AF59834F}.Debug|Any CPU.ActiveCfg = Debug|Any CPU
		{1A775904-99E0-447C-9F61-CBB8AF59834F}.Debug|Any CPU.Build.0 = Debug|Any CPU
		{1A775904-99E0-447C-9F61-CBB8AF59834F}.Release|Any CPU.ActiveCfg = Release|Any CPU
		{1A775904-99E0-447C-9F61-CBB8AF59834F}.Release|Any CPU.Build.0 = Release|Any CPU
		{AE5659E6-9BA6-4A2F-B63A-CC4351912DC1}.Debug|Any CPU.ActiveCfg = Debug|Any CPU
		{AE5659E6-9BA6-4A2F-B63A-CC4351912DC1}.Debug|Any CPU.Build.0 = Debug|Any CPU
		{AE5659E6-9BA6-4A2F-B63A-CC4351912DC1}.Release|Any CPU.ActiveCfg = Release|Any CPU
		{AE5659E6-9BA6-4A2F-B63A-CC4351912DC1}.Release|Any CPU.Build.0 = Release|Any CPU
	EndGlobalSection
	GlobalSection(SolutionProperties) = preSolution
		HideSolutionNode = FALSE
	EndGlobalSection
	GlobalSection(ExtensibilityGlobals) = postSolution
		SolutionGuid = {A1262222-D7FC-4C8F-8AF5-E9B2515CC61C}
	EndGlobalSection
EndGlobal
